lockfileVersion: '9.0'

settings:
  autoInstallPeers: true
  excludeLinksFromLockfile: false

importers:

  .:
    dependencies:
      semver:
        specifier: ^7.6.3
        version: 7.7.4
    devDependencies:
      '@types/semver':
        specifier: ^7.5.8
        version: 7.7.1
      prettier:
        specifier: ^3.5.3
        version: 3.8.1
      prettier-plugin-organize-imports:
        specifier: ^4.3.0
        version: 4.3.0(prettier@3.8.1)(typescript@5.9.3)
      rimraf:
        specifier: ^6.0.1
        version: 6.1.3
      typedoc:
        specifier: ^0.28.0
        version: 0.28.17(typescript@5.9.3)
      typedoc-plugin-markdown:
        specifier: ^4.5.0
        version: 4.10.0(typedoc@0.28.17(typescript@5.9.3))
      typescript:
        specifier: ^5.7.3
        version: 5.9.3

packages:

  '@gerrit0/mini-shiki@3.22.0':
    resolution: {integrity: sha512-jMpciqEVUBKE1QwU64S4saNMzpsSza6diNCk4MWAeCxO2+LFi2FIFmL2S0VDLzEJCxuvCbU783xi8Hp/gkM5CQ==}

  '@isaacs/cliui@9.0.0':
    resolution: {integrity: sha512-AokJm4tuBHillT+FpMtxQ60n8ObyXBatq7jD2/JA9dxbDDokKQm8KMht5ibGzLVU9IJDIKK4TPKgMHEYMn3lMg==}
    engines: {node: '>=18'}

  '@shikijs/engine-oniguruma@3.22.0':
    resolution: {integrity: sha512-DyXsOG0vGtNtl7ygvabHd7Mt5EY8gCNqR9Y7Lpbbd/PbJvgWrqaKzH1JW6H6qFkuUa8aCxoiYVv8/YfFljiQxA==}

  '@shikijs/langs@3.22.0':
    resolution: {integrity: sha512-x/42TfhWmp6H00T6uwVrdTJGKgNdFbrEdhaDwSR5fd5zhQ1Q46bHq9EO61SCEWJR0HY7z2HNDMaBZp8JRmKiIA==}

  '@shikijs/themes@3.22.0':
    resolution: {integrity: sha512-o+tlOKqsr6FE4+mYJG08tfCFDS+3CG20HbldXeVoyP+cYSUxDhrFf3GPjE60U55iOkkjbpY2uC3It/eeja35/g==}

  '@shikijs/types@3.22.0':
    resolution: {integrity: sha512-491iAekgKDBFE67z70Ok5a8KBMsQ2IJwOWw3us/7ffQkIBCyOQfm/aNwVMBUriP02QshIfgHCBSIYAl3u2eWjg==}

  '@shikijs/vscode-textmate@10.0.2':
    resolution: {integrity: sha512-83yeghZ2xxin3Nj8z1NMd/NCuca+gsYXswywDy5bHvwlWL8tpTQmzGeUuHd9FC3E/SBEMvzJRwWEOz5gGes9Qg==}

  '@types/hast@3.0.4':
    resolution: {integrity: sha512-WPs+bbQw5aCj+x6laNGWLH3wviHtoCv/P3+otBhbOhJgG8qtpdAMlTCxLtsTWA7LH1Oh/bFCHsBn0TPS5m30EQ==}

  '@types/semver@7.7.1':
    resolution: {integrity: sha512-FmgJfu+MOcQ370SD0ev7EI8TlCAfKYU+B4m5T3yXc1CiRN94g/SZPtsCkk506aUDtlMnFZvasDwHHUcZUEaYuA==}

  '@types/unist@3.0.3':
    resolution: {integrity: sha512-ko/gIFJRv177XgZsZcBwnqJN5x/Gien8qNOn0D5bQU/zAzVf9Zt3BlcUiLqhV9y4ARk0GbT3tnUiPNgnTXzc/Q==}

  argparse@2.0.1:
    resolution: {integrity: sha512-8+9WqebbFzpX9OR+Wa6O29asIogeRMzcGtAINdpMHHyAg10f05aSFVBbcEqGf/PXw1EjAZ+q2/bEBg3DvurK3Q==}

  balanced-match@1.0.2:
    resolution: {integrity: sha512-3oSeUO0TMV67hN1AmbXsK4yaqU7tjiHlbxRDZOpH0KW9+CeX4bRAaX0Anxt0tx2MrpRpWwQaPwIlISEJhYU5Pw==}

  balanced-match@4.0.2:
    resolution: {integrity: sha512-x0K50QvKQ97fdEz2kPehIerj+YTeptKF9hyYkKf6egnwmMWAkADiO0QCzSp0R5xN8FTZgYaBfSaue46Ej62nMg==}
    engines: {node: 20 || >=22}

  brace-expansion@2.0.2:
    resolution: {integrity: sha512-Jt0vHyM+jmUBqojB7E1NIYadt0vI0Qxjxd2TErW94wDz+E2LAm5vKMXXwg6ZZBTHPuUlDgQHKXvjGBdfcF1ZDQ==}

  brace-expansion@5.0.2:
    resolution: {integrity: sha512-Pdk8c9poy+YhOgVWw1JNN22/HcivgKWwpxKq04M/jTmHyCZn12WPJebZxdjSa5TmBqISrUSgNYU3eRORljfCCw==}
    engines: {node: 20 || >=22}

  entities@4.5.0:
    resolution: {integrity: sha512-V0hjH4dGPh9Ao5p0MoRY6BVqtwCjhz6vI5LT8AJ55H+4g9/4vbHx1I54fS0XuclLhDHArPQCiMjDxjaL8fPxhw==}
    engines: {node: '>=0.12'}

  glob@13.0.3:
    resolution: {integrity: sha512-/g3B0mC+4x724v1TgtBlBtt2hPi/EWptsIAmXUx9Z2rvBYleQcsrmaOzd5LyL50jf/Soi83ZDJmw2+XqvH/EeA==}
    engines: {node: 20 || >=22}

  jackspeak@4.2.3:
    resolution: {integrity: sha512-ykkVRwrYvFm1nb2AJfKKYPr0emF6IiXDYUaFx4Zn9ZuIH7MrzEZ3sD5RlqGXNRpHtvUHJyOnCEFxOlNDtGo7wg==}
    engines: {node: 20 || >=22}

  linkify-it@5.0.0:
    resolution: {integrity: sha512-5aHCbzQRADcdP+ATqnDuhhJ/MRIqDkZX5pyjFHRRysS8vZ5AbqGEoFIb6pYHPZ+L/OC2Lc+xT8uHVVR5CAK/wQ==}

  lru-cache@11.2.6:
    resolution: {integrity: sha512-ESL2CrkS/2wTPfuend7Zhkzo2u0daGJ/A2VucJOgQ/C48S/zB8MMeMHSGKYpXhIjbPxfuezITkaBH1wqv00DDQ==}
    engines: {node: 20 || >=22}

  lunr@2.3.9:
    resolution: {integrity: sha512-zTU3DaZaF3Rt9rhN3uBMGQD3dD2/vFQqnvZCDv4dl5iOzq2IZQqTxu90r4E5J+nP70J3ilqVCrbho2eWaeW8Ow==}

  markdown-it@14.1.1:
    resolution: {integrity: sha512-BuU2qnTti9YKgK5N+IeMubp14ZUKUUw7yeJbkjtosvHiP0AZ5c8IAgEMk79D0eC8F23r4Ac/q8cAIFdm2FtyoA==}
    hasBin: true

  mdurl@2.0.0:
    resolution: {integrity: sha512-Lf+9+2r+Tdp5wXDXC4PcIBjTDtq4UKjCPMQhKIuzpJNW0b96kVqSwW0bT7FhRSfmAiFYgP+SCRvdrDozfh0U5w==}

  minimatch@10.2.0:
    resolution: {integrity: sha512-ugkC31VaVg9cF0DFVoADH12k6061zNZkZON+aX8AWsR9GhPcErkcMBceb6znR8wLERM2AkkOxy2nWRLpT9Jq5w==}
    engines: {node: 20 || >=22}

  minimatch@9.0.5:
    resolution: {integrity: sha512-G6T0ZX48xgozx7587koeX9Ys2NYy6Gmv//P89sEte9V9whIapMNF4idKxnW2QtCcLiTWlb/wfCabAtAFWhhBow==}
    engines: {node: '>=16 || 14 >=14.17'}

  minipass@7.1.2:
    resolution: {integrity: sha512-qOOzS1cBTWYF4BH8fVePDBOO9iptMnGUEZwNc/cMWnTV2nVLZ7VoNWEPHkYczZA0pdoA7dl6e7FL659nX9S2aw==}
    engines: {node: '>=16 || 14 >=14.17'}

  package-json-from-dist@1.0.1:
    resolution: {integrity: sha512-UEZIS3/by4OC8vL3P2dTXRETpebLI2NiI5vIrjaD/5UtrkFX/tNbwjTSRAGC/+7CAo2pIcBaRgWmcBBHcsaCIw==}

  path-scurry@2.0.1:
    resolution: {integrity: sha512-oWyT4gICAu+kaA7QWk/jvCHWarMKNs6pXOGWKDTr7cw4IGcUbW+PeTfbaQiLGheFRpjo6O9J0PmyMfQPjH71oA==}
    engines: {node: 20 || >=22}

  prettier-plugin-organize-imports@4.3.0:
    resolution: {integrity: sha512-FxFz0qFhyBsGdIsb697f/EkvHzi5SZOhWAjxcx2dLt+Q532bAlhswcXGYB1yzjZ69kW8UoadFBw7TyNwlq96Iw==}
    peerDependencies:
      prettier: '>=2.0'
      typescript: '>=2.9'
      vue-tsc: ^2.1.0 || 3
    peerDependenciesMeta:
      vue-tsc:
        optional: true

  prettier@3.8.1:
    resolution: {integrity: sha512-UOnG6LftzbdaHZcKoPFtOcCKztrQ57WkHDeRD9t/PTQtmT0NHSeWWepj6pS0z/N7+08BHFDQVUrfmfMRcZwbMg==}
    engines: {node: '>=14'}
    hasBin: true

  punycode.js@2.3.1:
    resolution: {integrity: sha512-uxFIHU0YlHYhDQtV4R9J6a52SLx28BCjT+4ieh7IGbgwVJWO+km431c4yRlREUAsAmt/uMjQUyQHNEPf0M39CA==}
    engines: {node: '>=6'}

  rimraf@6.1.3:
    resolution: {integrity: sha512-LKg+Cr2ZF61fkcaK1UdkH2yEBBKnYjTyWzTJT6KNPcSPaiT7HSdhtMXQuN5wkTX0Xu72KQ1l8S42rlmexS2hSA==}
    engines: {node: 20 || >=22}
    hasBin: true

  semver@7.7.4:
    resolution: {integrity: sha512-vFKC2IEtQnVhpT78h1Yp8wzwrf8CM+MzKMHGJZfBtzhZNycRFnXsHk6E5TxIkkMsgNS7mdX3AGB7x2QM2di4lA==}
    engines: {node: '>=10'}
    hasBin: true

  typedoc-plugin-markdown@4.10.0:
    resolution: {integrity: sha512-psrg8Rtnv4HPWCsoxId+MzEN8TVK5jeKCnTbnGAbTBqcDapR9hM41bJT/9eAyKn9C2MDG9Qjh3MkltAYuLDoXg==}
    engines: {node: '>= 18'}
    peerDependencies:
      typedoc: 0.28.x

  typedoc@0.28.17:
    resolution: {integrity: sha512-ZkJ2G7mZrbxrKxinTQMjFqsCoYY6a5Luwv2GKbTnBCEgV2ihYm5CflA9JnJAwH0pZWavqfYxmDkFHPt4yx2oDQ==}
    engines: {node: '>= 18', pnpm: '>= 10'}
    hasBin: true
    peerDependencies:
      typescript: 5.0.x || 5.1.x || 5.2.x || 5.3.x || 5.4.x || 5.5.x || 5.6.x || 5.7.x || 5.8.x || 5.9.x

  typescript@5.9.3:
    resolution: {integrity: sha512-jl1vZzPDinLr9eUt3J/t7V6FgNEw9QjvBPdysz9KfQDD41fQrC2Y4vKQdiaUpFT4bXlb1RHhLpp8wtm6M5TgSw==}
    engines: {node: '>=14.17'}
    hasBin: true

  uc.micro@2.1.0:
    resolution: {integrity: sha512-ARDJmphmdvUk6Glw7y9DQ2bFkKBHwQHLi2lsaH6PPmz/Ka9sFOBsBluozhDltWmnv9u/cF6Rt87znRTPV+yp/A==}

  yaml@2.8.2:
    resolution: {integrity: sha512-mplynKqc1C2hTVYxd0PU2xQAc22TI1vShAYGksCCfxbn/dFwnHTNi1bvYsBTkhdUNtGIf5xNOg938rrSSYvS9A==}
    engines: {node: '>= 14.6'}
    hasBin: true

snapshots:

  '@gerrit0/mini-shiki@3.22.0':
    dependencies:
      '@shikijs/engine-oniguruma': 3.22.0
      '@shikijs/langs': 3.22.0
      '@shikijs/themes': 3.22.0
      '@shikijs/types': 3.22.0
      '@shikijs/vscode-textmate': 10.0.2

  '@isaacs/cliui@9.0.0': {}

  '@shikijs/engine-oniguruma@3.22.0':
    dependencies:
      '@shikijs/types': 3.22.0
      '@shikijs/vscode-textmate': 10.0.2

  '@shikijs/langs@3.22.0':
    dependencies:
      '@shikijs/types': 3.22.0

  '@shikijs/themes@3.22.0':
    dependencies:
      '@shikijs/types': 3.22.0

  '@shikijs/types@3.22.0':
    dependencies:
      '@shikijs/vscode-textmate': 10.0.2
      '@types/hast': 3.0.4

  '@shikijs/vscode-textmate@10.0.2': {}

  '@types/hast@3.0.4':
    dependencies:
      '@types/unist': 3.0.3

  '@types/semver@7.7.1': {}

  '@types/unist@3.0.3': {}

  argparse@2.0.1: {}

  balanced-match@1.0.2: {}

  balanced-match@4.0.2:
    dependencies:
      jackspeak: 4.2.3

  brace-expansion@2.0.2:
    dependencies:
      balanced-match: 1.0.2

  brace-expansion@5.0.2:
    dependencies:
      balanced-match: 4.0.2

  entities@4.5.0: {}

  glob@13.0.3:
    dependencies:
      minimatch: 10.2.0
      minipass: 7.1.2
      path-scurry: 2.0.1

  jackspeak@4.2.3:
    dependencies:
      '@isaacs/cliui': 9.0.0

  linkify-it@5.0.0:
    dependencies:
      uc.micro: 2.1.0

  lru-cache@11.2.6: {}

  lunr@2.3.9: {}

  markdown-it@14.1.1:
    dependencies:
      argparse: 2.0.1
      entities: 4.5.0
      linkify-it: 5.0.0
      mdurl: 2.0.0
      punycode.js: 2.3.1
      uc.micro: 2.1.0

  mdurl@2.0.0: {}

  minimatch@10.2.0:
    dependencies:
      brace-expansion: 5.0.2

  minimatch@9.0.5:
    dependencies:
      brace-expansion: 2.0.2

  minipass@7.1.2: {}

  package-json-from-dist@1.0.1: {}

  path-scurry@2.0.1:
    dependencies:
      lru-cache: 11.2.6
      minipass: 7.1.2

  prettier-plugin-organize-imports@4.3.0(prettier@3.8.1)(typescript@5.9.3):
    dependencies:
      prettier: 3.8.1
      typescript: 5.9.3

  prettier@3.8.1: {}

  punycode.js@2.3.1: {}

  rimraf@6.1.3:
    dependencies:
      glob: 13.0.3
      package-json-from-dist: 1.0.1

  semver@7.7.4: {}

  typedoc-plugin-markdown@4.10.0(typedoc@0.28.17(typescript@5.9.3)):
    dependencies:
      typedoc: 0.28.17(typescript@5.9.3)

  typedoc@0.28.17(typescript@5.9.3):
    dependencies:
      '@gerrit0/mini-shiki': 3.22.0
      lunr: 2.3.9
      markdown-it: 14.1.1
      minimatch: 9.0.5
      typescript: 5.9.3
      yaml: 2.8.2

  typescript@5.9.3: {}

  uc.micro@2.1.0: {}

  yaml@2.8.2: {}
